// !$*UTF8*$!
{
	archiveVersion = 1;
	classes = {
	};
	objectVersion = 55;
	objects = {

/* Begin PBXBuildFile section */
		9E413C5127D1F2FD006BE803 /* MovieDetailsViewController.swift in Sources */ = {isa = PBXBuildFile; fileRef = 9E413C5027D1F2FD006BE803 /* MovieDetailsViewController.swift */; };
		9E413C5327D202CB006BE803 /* MovieGridViewController.swift in Sources */ = {isa = PBXBuildFile; fileRef = 9E413C5227D202CB006BE803 /* MovieGridViewController.swift */; };
		9E413C5527D206F5006BE803 /* MovieGridCell.swift in Sources */ = {isa = PBXBuildFile; fileRef = 9E413C5427D206F5006BE803 /* MovieGridCell.swift */; };
		9EDA6E1527C7855300B49B02 /* AppDelegate.swift in Sources */ = {isa = PBXBuildFile; fileRef = 9EDA6E1427C7855300B49B02 /* AppDelegate.swift */; };
		9EDA6E1727C7855300B49B02 /* SceneDelegate.swift in Sources */ = {isa = PBXBuildFile; fileRef = 9EDA6E1627C7855300B49B02 /* SceneDelegate.swift */; };
		9EDA6E1927C7855300B49B02 /* ViewController.swift in Sources */ = {isa = PBXBuildFile; fileRef = 9EDA6E1827C7855300B49B02 /* ViewController.swift */; };
		9EDA6E1C27C7855300B49B02 /* Main.storyboard in Resources */ = {isa = PBXBuildFile; fileRef = 9EDA6E1A27C7855300B49B02 /* Main.storyboard */; };
		9EDA6E1E27C7855400B49B02 /* Assets.xcassets in Resources */ = {isa = PBXBuildFile; fileRef = 9EDA6E1D27C7855400B49B02 /* Assets.xcassets */; };
		9EDA6E2127C7855400B49B02 /* LaunchScreen.storyboard in Resources */ = {isa = PBXBuildFile; fileRef = 9EDA6E1F27C7855400B49B02 /* LaunchScreen.storyboard */; };
		9EDA6E2C27C7855500B49B02 /* FlixTests.swift in Sources */ = {isa = PBXBuildFile; fileRef = 9EDA6E2B27C7855500B49B02 /* FlixTests.swift */; };
		9EDA6E3627C7855500B49B02 /* FlixUITests.swift in Sources */ = {isa = PBXBuildFile; fileRef = 9EDA6E3527C7855500B49B02 /* FlixUITests.swift */; };
		9EDA6E3827C7855500B49B02 /* FlixUITestsLaunchTests.swift in Sources */ = {isa = PBXBuildFile; fileRef = 9EDA6E3727C7855500B49B02 /* FlixUITestsLaunchTests.swift */; };
		9EDA6E4527C7974A00B49B02 /* MovieCell.swift in Sources */ = {isa = PBXBuildFile; fileRef = 9EDA6E4427C7974A00B49B02 /* MovieCell.swift */; };
		B88BA3770F56928F9AE7F615 /* Pods_FlixTests.framework in Frameworks */ = {isa = PBXBuildFile; fileRef = 549C65A031A5A5094F64DD8A /* Pods_FlixTests.framework */; };
		D09ED27C5DF7AF6FD0018CFA /* Pods_Flix_FlixUITests.framework in Frameworks */ = {isa = PBXBuildFile; fileRef = F8B622C9DEEDF73223208890 /* Pods_Flix_FlixUITests.framework */; };
		E0642D1AD0EE8A2FFC22B335 /* Pods_Flix.framework in Frameworks */ = {isa = PBXBuildFile; fileRef = 120E1EA82E1CAFB17D61E45C /* Pods_Flix.framework */; };
/* End PBXBuildFile section */

/* Begin PBXContainerItemProxy section */
		9EDA6E2827C7855500B49B02 /* PBXContainerItemProxy */ = {
			isa = PBXContainerItemProxy;
			containerPortal = 9EDA6E0927C7855300B49B02 /* Project object */;
			proxyType = 1;
			remoteGlobalIDString = 9EDA6E1027C7855300B49B02;
			remoteInfo = Flix;
		};
		9EDA6E3227C7855500B49B02 /* PBXContainerItemProxy */ = {
			isa = PBXContainerItemProxy;
			containerPortal = 9EDA6E0927C7855300B49B02 /* Project object */;
			proxyType = 1;
			remoteGlobalIDString = 9EDA6E1027C7855300B49B02;
			remoteInfo = Flix;
		};
/* End PBXContainerItemProxy section */

/* Begin PBXFileReference section */
		120E1EA82E1CAFB17D61E45C /* Pods_Flix.framework */ = {isa = PBXFileReference; explicitFileType = wrapper.framework; includeInIndex = 0; path = Pods_Flix.framework; sourceTree = BUILT_PRODUCTS_DIR; };
		1C2CDDF8C28CBEAD9C511997 /* Pods-Flix-FlixUITests.release.xcconfig */ = {isa = PBXFileReference; includeInIndex = 1; lastKnownFileType = text.xcconfig; name = "Pods-Flix-FlixUITests.release.xcconfig"; path = "Target Support Files/Pods-Flix-FlixUITests/Pods-Flix-FlixUITests.release.xcconfig"; sourceTree = "<group>"; };
		248972F2C78885641A0857B3 /* Pods-Flix.release.xcconfig */ = {isa = PBXFileReference; includeInIndex = 1; lastKnownFileType = text.xcconfig; name = "Pods-Flix.release.xcconfig"; path = "Target Support Files/Pods-Flix/Pods-Flix.release.xcconfig"; sourceTree = "<group>"; };
		3F5577A18F91E1880F47BB9C /* Pods-FlixTests.release.xcconfig */ = {isa = PBXFileReference; includeInIndex = 1; lastKnownFileType = text.xcconfig; name = "Pods-FlixTests.release.xcconfig"; path = "Target Support Files/Pods-FlixTests/Pods-FlixTests.release.xcconfig"; sourceTree = "<group>"; };
		43BAEFB4F14E6D429B934F60 /* Pods-Flix-FlixUITests.debug.xcconfig */ = {isa = PBXFileReference; includeInIndex = 1; lastKnownFileType = text.xcconfig; name = "Pods-Flix-FlixUITests.debug.xcconfig"; path = "Target Support Files/Pods-Flix-FlixUITests/Pods-Flix-FlixUITests.debug.xcconfig"; sourceTree = "<group>"; };
		549C65A031A5A5094F64DD8A /* Pods_FlixTests.framework */ = {isa = PBXFileReference; explicitFileType = wrapper.framework; includeInIndex = 0; path = Pods_FlixTests.framework; sourceTree = BUILT_PRODUCTS_DIR; };
		8B4240D7DC0ADE9C10007F1A /* Pods-Flix.debug.xcconfig */ = {isa = PBXFileReference; includeInIndex = 1; lastKnownFileType = text.xcconfig; name = "Pods-Flix.debug.xcconfig"; path = "Target Support Files/Pods-Flix/Pods-Flix.debug.xcconfig"; sourceTree = "<group>"; };
		9E413C5027D1F2FD006BE803 /* MovieDetailsViewController.swift */ = {isa = PBXFileReference; lastKnownFileType = sourcecode.swift; path = MovieDetailsViewController.swift; sourceTree = "<group>"; };
		9E413C5227D202CB006BE803 /* MovieGridViewController.swift */ = {isa = PBXFileReference; lastKnownFileType = sourcecode.swift; path = MovieGridViewController.swift; sourceTree = "<group>"; };
		9E413C5427D206F5006BE803 /* MovieGridCell.swift */ = {isa = PBXFileReference; lastKnownFileType = sourcecode.swift; path = MovieGridCell.swift; sourceTree = "<group>"; };
		9EDA6E1127C7855300B49B02 /* Flix.app */ = {isa = PBXFileReference; explicitFileType = wrapper.application; includeInIndex = 0; path = Flix.app; sourceTree = BUILT_PRODUCTS_DIR; };
		9EDA6E1427C7855300B49B02 /* AppDelegate.swift */ = {isa = PBXFileReference; lastKnownFileType = sourcecode.swift; path = AppDelegate.swift; sourceTree = "<group>"; };
		9EDA6E1627C7855300B49B02 /* SceneDelegate.swift */ = {isa = PBXFileReference; lastKnownFileType = sourcecode.swift; path = SceneDelegate.swift; sourceTree = "<group>"; };
		9EDA6E1827C7855300B49B02 /* ViewController.swift */ = {isa = PBXFileReference; lastKnownFileType = sourcecode.swift; path = ViewController.swift; sourceTree = "<group>"; };
		9EDA6E1B27C7855300B49B02 /* Base */ = {isa = PBXFileReference; lastKnownFileType = file.storyboard; name = Base; path = Base.lproj/Main.storyboard; sourceTree = "<group>"; };
		9EDA6E1D27C7855400B49B02 /* Assets.xcassets */ = {isa = PBXFileReference; lastKnownFileType = folder.assetcatalog; path = Assets.xcassets; sourceTree = "<group>"; };
		9EDA6E2027C7855400B49B02 /* Base */ = {isa = PBXFileReference; lastKnownFileType = file.storyboard; name = Base; path = Base.lproj/LaunchScreen.storyboard; sourceTree = "<group>"; };
		9EDA6E2227C7855400B49B02 /* Info.plist */ = {isa = PBXFileReference; lastKnownFileType = text.plist.xml; path = Info.plist; sourceTree = "<group>"; };
		9EDA6E2727C7855500B49B02 /* FlixTests.xctest */ = {isa = PBXFileReference; explicitFileType = wrapper.cfbundle; includeInIndex = 0; path = FlixTests.xctest; sourceTree = BUILT_PRODUCTS_DIR; };
		9EDA6E2B27C7855500B49B02 /* FlixTests.swift */ = {isa = PBXFileReference; lastKnownFileType = sourcecode.swift; path = FlixTests.swift; sourceTree = "<group>"; };
		9EDA6E3127C7855500B49B02 /* FlixUITests.xctest */ = {isa = PBXFileReference; explicitFileType = wrapper.cfbundle; includeInIndex = 0; path = FlixUITests.xctest; sourceTree = BUILT_PRODUCTS_DIR; };
		9EDA6E3527C7855500B49B02 /* FlixUITests.swift */ = {isa = PBXFileReference; lastKnownFileType = sourcecode.swift; path = FlixUITests.swift; sourceTree = "<group>"; };
		9EDA6E3727C7855500B49B02 /* FlixUITestsLaunchTests.swift */ = {isa = PBXFileReference; lastKnownFileType = sourcecode.swift; path = FlixUITestsLaunchTests.swift; sourceTree = "<group>"; };
		9EDA6E4427C7974A00B49B02 /* MovieCell.swift */ = {isa = PBXFileReference; lastKnownFileType = sourcecode.swift; path = MovieCell.swift; sourceTree = "<group>"; };
		B9E697F5949E41C4BBCACC92 /* Pods-FlixTests.debug.xcconfig */ = {isa = PBXFileReference; includeInIndex = 1; lastKnownFileType = text.xcconfig; name = "Pods-FlixTests.debug.xcconfig"; path = "Target Support Files/Pods-FlixTests/Pods-FlixTests.debug.xcconfig"; sourceTree = "<group>"; };
		F8B622C9DEEDF73223208890 /* Pods_Flix_FlixUITests.framework */ = {isa = PBXFileReference; explicitFileType = wrapper.framework; includeInIndex = 0; path = Pods_Flix_FlixUITests.framework; sourceTree = BUILT_PRODUCTS_DIR; };
/* End PBXFileReference section */

/* Begin PBXFrameworksBuildPhase section */
		9EDA6E0E27C7855300B49B02 /* Frameworks */ = {
			isa = PBXFrameworksBuildPhase;
			buildActionMask = 2147483647;
			files = (
				E0642D1AD0EE8A2FFC22B335 /* Pods_Flix.framework in Frameworks */,
			);
			runOnlyForDeploymentPostprocessing = 0;
		};
		9EDA6E2427C7855500B49B02 /* Frameworks */ = {
			isa = PBXFrameworksBuildPhase;
			buildActionMask = 2147483647;
			files = (
				B88BA3770F56928F9AE7F615 /* Pods_FlixTests.framework in Frameworks */,
			);
			runOnlyForDeploymentPostprocessing = 0;
		};
		9EDA6E2E27C7855500B49B02 /* Frameworks */ = {
			isa = PBXFrameworksBuildPhase;
			buildActionMask = 2147483647;
			files = (
				D09ED27C5DF7AF6FD0018CFA /* Pods_Flix_FlixUITests.framework in Frameworks */,
			);
			runOnlyForDeploymentPostprocessing = 0;
		};
/* End PBXFrameworksBuildPhase section */

/* Begin PBXGroup section */
		6C8D7978843A5CD3429BEE89 /* Frameworks */ = {
			isa = PBXGroup;
			children = (
				120E1EA82E1CAFB17D61E45C /* Pods_Flix.framework */,
				F8B622C9DEEDF73223208890 /* Pods_Flix_FlixUITests.framework */,
				549C65A031A5A5094F64DD8A /* Pods_FlixTests.framework */,
			);
			name = Frameworks;
			sourceTree = "<group>";
		};
		9EDA6E0827C7855300B49B02 = {
			isa = PBXGroup;
			children = (
				9EDA6E1327C7855300B49B02 /* Flix */,
				9EDA6E2A27C7855500B49B02 /* FlixTests */,
				9EDA6E3427C7855500B49B02 /* FlixUITests */,
				9EDA6E1227C7855300B49B02 /* Products */,
				ED02C38A17480D548E0FB0E2 /* Pods */,
				6C8D7978843A5CD3429BEE89 /* Frameworks */,
			);
			sourceTree = "<group>";
		};
		9EDA6E1227C7855300B49B02 /* Products */ = {
			isa = PBXGroup;
			children = (
				9EDA6E1127C7855300B49B02 /* Flix.app */,
				9EDA6E2727C7855500B49B02 /* FlixTests.xctest */,
				9EDA6E3127C7855500B49B02 /* FlixUITests.xctest */,
			);
			name = Products;
			sourceTree = "<group>";
		};
		9EDA6E1327C7855300B49B02 /* Flix */ = {
			isa = PBXGroup;
			children = (
				9EDA6E1427C7855300B49B02 /* AppDelegate.swift */,
				9EDA6E1627C7855300B49B02 /* SceneDelegate.swift */,
				9EDA6E1827C7855300B49B02 /* ViewController.swift */,
				9EDA6E1A27C7855300B49B02 /* Main.storyboard */,
				9E413C5427D206F5006BE803 /* MovieGridCell.swift */,
				9E413C5227D202CB006BE803 /* MovieGridViewController.swift */,
				9E413C5027D1F2FD006BE803 /* MovieDetailsViewController.swift */,
				9EDA6E4427C7974A00B49B02 /* MovieCell.swift */,
				9EDA6E1D27C7855400B49B02 /* Assets.xcassets */,
				9EDA6E1F27C7855400B49B02 /* LaunchScreen.storyboard */,
				9EDA6E2227C7855400B49B02 /* Info.plist */,
			);
			path = Flix;
			sourceTree = "<group>";
		};
		9EDA6E2A27C7855500B49B02 /* FlixTests */ = {
			isa = PBXGroup;
			children = (
				9EDA6E2B27C7855500B49B02 /* FlixTests.swift */,
			);
			path = FlixTests;
			sourceTree = "<group>";
		};
		9EDA6E3427C7855500B49B02 /* FlixUITests */ = {
			isa = PBXGroup;
			children = (
				9EDA6E3527C7855500B49B02 /* FlixUITests.swift */,
				9EDA6E3727C7855500B49B02 /* FlixUITestsLaunchTests.swift */,
			);
			path = FlixUITests;
			sourceTree = "<group>";
		};
		ED02C38A17480D548E0FB0E2 /* Pods */ = {
			isa = PBXGroup;
			children = (
				8B4240D7DC0ADE9C10007F1A /* Pods-Flix.debug.xcconfig */,
				248972F2C78885641A0857B3 /* Pods-Flix.release.xcconfig */,
				43BAEFB4F14E6D429B934F60 /* Pods-Flix-FlixUITests.debug.xcconfig */,
				1C2CDDF8C28CBEAD9C511997 /* Pods-Flix-FlixUITests.release.xcconfig */,
				B9E697F5949E41C4BBCACC92 /* Pods-FlixTests.debug.xcconfig */,
				3F5577A18F91E1880F47BB9C /* Pods-FlixTests.release.xcconfig */,
			);
			path = Pods;
			sourceTree = "<group>";
		};
/* End PBXGroup section */

/* Begin PBXNativeTarget section */
		9EDA6E1027C7855300B49B02 /* Flix */ = {
			isa = PBXNativeTarget;
			buildConfigurationList = 9EDA6E3B27C7855500B49B02 /* Build configuration list for PBXNativeTarget "Flix" */;
			buildPhases = (
				7594E09678AF7583DE5D469D /* [CP] Check Pods Manifest.lock */,
				9EDA6E0D27C7855300B49B02 /* Sources */,
				9EDA6E0E27C7855300B49B02 /* Frameworks */,
				9EDA6E0F27C7855300B49B02 /* Resources */,
				24C2BF7BE73B8B48F28B16FA /* [CP] Embed Pods Frameworks */,
			);
			buildRules = (
			);
			dependencies = (
			);
			name = Flix;
			productName = Flix;
			productReference = 9EDA6E1127C7855300B49B02 /* Flix.app */;
			productType = "com.apple.product-type.application";
		};
		9EDA6E2627C7855500B49B02 /* FlixTests */ = {
			isa = PBXNativeTarget;
			buildConfigurationList = 9EDA6E3E27C7855500B49B02 /* Build configuration list for PBXNativeTarget "FlixTests" */;
			buildPhases = (
				0D224629DBF72EB4ABD06BF1 /* [CP] Check Pods Manifest.lock */,
				9EDA6E2327C7855500B49B02 /* Sources */,
				9EDA6E2427C7855500B49B02 /* Frameworks */,
				9EDA6E2527C7855500B49B02 /* Resources */,
			);
			buildRules = (
			);
			dependencies = (
				9EDA6E2927C7855500B49B02 /* PBXTargetDependency */,
			);
			name = FlixTests;
			productName = FlixTests;
			productReference = 9EDA6E2727C7855500B49B02 /* FlixTests.xctest */;
			productType = "com.apple.product-type.bundle.unit-test";
		};
		9EDA6E3027C7855500B49B02 /* FlixUITests */ = {
			isa = PBXNativeTarget;
			buildConfigurationList = 9EDA6E4127C7855500B49B02 /* Build configuration list for PBXNativeTarget "FlixUITests" */;
			buildPhases = (
				766D2EB3F5B8480EA716E6A6 /* [CP] Check Pods Manifest.lock */,
				9EDA6E2D27C7855500B49B02 /* Sources */,
				9EDA6E2E27C7855500B49B02 /* Frameworks */,
				9EDA6E2F27C7855500B49B02 /* Resources */,
				F5ACAF9C520C6709A3494B81 /* [CP] Embed Pods Frameworks */,
			);
			buildRules = (
			);
			dependencies = (
				9EDA6E3327C7855500B49B02 /* PBXTargetDependency */,
			);
			name = FlixUITests;
			productName = FlixUITests;
			productReference = 9EDA6E3127C7855500B49B02 /* FlixUITests.xctest */;
			productType = "com.apple.product-type.bundle.ui-testing";
		};
/* End PBXNativeTarget section */

/* Begin PBXProject section */
		9EDA6E0927C7855300B49B02 /* Project object */ = {
			isa = PBXProject;
			attributes = {
				BuildIndependentTargetsInParallel = 1;
				LastSwiftUpdateCheck = 1310;
				LastUpgradeCheck = 1310;
				TargetAttributes = {
					9EDA6E1027C7855300B49B02 = {
						CreatedOnToolsVersion = 13.1;
					};
					9EDA6E2627C7855500B49B02 = {
						CreatedOnToolsVersion = 13.1;
						TestTargetID = 9EDA6E1027C7855300B49B02;
					};
					9EDA6E3027C7855500B49B02 = {
						CreatedOnToolsVersion = 13.1;
						TestTargetID = 9EDA6E1027C7855300B49B02;
					};
				};
			};
			buildConfigurationList = 9EDA6E0C27C7855300B49B02 /* Build configuration list for PBXProject "Flix" */;
			compatibilityVersion = "Xcode 13.0";
			developmentRegion = en;
			hasScannedForEncodings = 0;
			knownRegions = (
				en,
				Base,
			);
			mainGroup = 9EDA6E0827C7855300B49B02;
			productRefGroup = 9EDA6E1227C7855300B49B02 /* Products */;
			projectDirPath = "";
			projectRoot = "";
			targets = (
				9EDA6E1027C7855300B49B02 /* Flix */,
				9EDA6E2627C7855500B49B02 /* FlixTests */,
				9EDA6E3027C7855500B49B02 /* FlixUITests */,
			);
		};
/* End PBXProject section */

/* Begin PBXResourcesBuildPhase section */
		9EDA6E0F27C7855300B49B02 /* Resources */ = {
			isa = PBXResourcesBuildPhase;
			buildActionMask = 2147483647;
			files = (
				9EDA6E2127C7855400B49B02 /* LaunchScreen.storyboard in Resources */,
				9EDA6E1E27C7855400B49B02 /* Assets.xcassets in Resources */,
				9EDA6E1C27C7855300B49B02 /* Main.storyboard in Resources */,
			);
			runOnlyForDeploymentPostprocessing = 0;
		};
		9EDA6E2527C7855500B49B02 /* Resources */ = {
			isa = PBXResourcesBuildPhase;
			buildActionMask = 2147483647;
			files = (
			);
			runOnlyForDeploymentPostprocessing = 0;
		};
		9EDA6E2F27C7855500B49B02 /* Resources */ = {
			isa = PBXResourcesBuildPhase;
			buildActionMask = 2147483647;
			files = (
			);
			runOnlyForDeploymentPostprocessing = 0;
		};
/* End PBXResourcesBuildPhase section */

/* Begin PBXShellScriptBuildPhase section */
		0D224629DBF72EB4ABD06BF1 /* [CP] Check Pods Manifest.lock */ = {
			isa = PBXShellScriptBuildPhase;
			buildActionMask = 2147483647;
			files = (
			);
			inputFileListPaths = (
			);
			inputPaths = (
				"${PODS_PODFILE_DIR_PATH}/Podfile.lock",
				"${PODS_ROOT}/Manifest.lock",
			);
			name = "[CP] Check Pods Manifest.lock";
			outputFileListPaths = (
			);
			outputPaths = (
				"$(DERIVED_FILE_DIR)/Pods-FlixTests-checkManifestLockResult.txt",
			);
			runOnlyForDeploymentPostprocessing = 0;
			shellPath = /bin/sh;
			shellScript = "diff \"${PODS_PODFILE_DIR_PATH}/Podfile.lock\" \"${PODS_ROOT}/Manifest.lock\" > /dev/null\nif [ $? != 0 ] ; then\n    # print error to STDERR\n    echo \"error: The sandbox is not in sync with the Podfile.lock. Run 'pod install' or update your CocoaPods installation.\" >&2\n    exit 1\nfi\n# This output is used by Xcode 'outputs' to avoid re-running this script phase.\necho \"SUCCESS\" > \"${SCRIPT_OUTPUT_FILE_0}\"\n";
			showEnvVarsInLog = 0;
		};
		24C2BF7BE73B8B48F28B16FA /* [CP] Embed Pods Frameworks */ = {
			isa = PBXShellScriptBuildPhase;
			buildActionMask = 2147483647;
			files = (
			);
			inputFileListPaths = (
				"${PODS_ROOT}/Target Support Files/Pods-Flix/Pods-Flix-frameworks-${CONFIGURATION}-input-files.xcfilelist",
			);
			name = "[CP] Embed Pods Frameworks";
			outputFileListPaths = (
				"${PODS_ROOT}/Target Support Files/Pods-Flix/Pods-Flix-frameworks-${CONFIGURATION}-output-files.xcfilelist",
			);
			runOnlyForDeploymentPostprocessing = 0;
			shellPath = /bin/sh;
			shellScript = "\"${PODS_ROOT}/Target Support Files/Pods-Flix/Pods-Flix-frameworks.sh\"\n";
			showEnvVarsInLog = 0;
		};
		7594E09678AF7583DE5D469D /* [CP] Check Pods Manifest.lock */ = {
			isa = PBXShellScriptBuildPhase;
			buildActionMask = 2147483647;
			files = (
			);
			inputFileListPaths = (
			);
			inputPaths = (
				"${PODS_PODFILE_DIR_PATH}/Podfile.lock",
				"${PODS_ROOT}/Manifest.lock",
			);
			name = "[CP] Check Pods Manifest.lock";
			outputFileListPaths = (
			);
			outputPaths = (
				"$(DERIVED_FILE_DIR)/Pods-Flix-checkManifestLockResult.txt",
			);
			runOnlyForDeploymentPostprocessing = 0;
			shellPath = /bin/sh;
			shellScript = "diff \"${PODS_PODFILE_DIR_PATH}/Podfile.lock\" \"${PODS_ROOT}/Manifest.lock\" > /dev/null\nif [ $? != 0 ] ; then\n    # print error to STDERR\n    echo \"error: The sandbox is not in sync with the Podfile.lock. Run 'pod install' or update your CocoaPods installation.\" >&2\n    exit 1\nfi\n# This output is used by Xcode 'outputs' to avoid re-running this script phase.\necho \"SUCCESS\" > \"${SCRIPT_OUTPUT_FILE_0}\"\n";
			showEnvVarsInLog = 0;
		};
		766D2EB3F5B8480EA716E6A6 /* [CP] Check Pods Manifest.lock */ = {
			isa = PBXShellScriptBuildPhase;
			buildActionMask = 2147483647;
			files = (
			);
			inputFileListPaths = (
			);
			inputPaths = (
				"${PODS_PODFILE_DIR_PATH}/Podfile.lock",
				"${PODS_ROOT}/Manifest.lock",
			);
			name = "[CP] Check Pods Manifest.lock";
			outputFileListPaths = (
			);
			outputPaths = (
				"$(DERIVED_FILE_DIR)/Pods-Flix-FlixUITests-checkManifestLockResult.txt",
			);
			runOnlyForDeploymentPostprocessing = 0;
			shellPath = /bin/sh;
			shellScript = "diff \"${PODS_PODFILE_DIR_PATH}/Podfile.lock\" \"${PODS_ROOT}/Manifest.lock\" > /dev/null\nif [ $? != 0 ] ; then\n    # print error to STDERR\n    echo \"error: The sandbox is not in sync with the Podfile.lock. Run 'pod install' or update your CocoaPods installation.\" >&2\n    exit 1\nfi\n# This output is used by Xcode 'outputs' to avoid re-running this script phase.\necho \"SUCCESS\" > \"${SCRIPT_OUTPUT_FILE_0}\"\n";
			showEnvVarsInLog = 0;
		};
		F5ACAF9C520C6709A3494B81 /* [CP] Embed Pods Frameworks */ = {
			isa = PBXShellScriptBuildPhase;
			buildActionMask = 2147483647;
			files = (
			);
			inputFileListPaths = (
				"${PODS_ROOT}/Target Support Files/Pods-Flix-FlixUITests/Pods-Flix-FlixUITests-frameworks-${CONFIGURATION}-input-files.xcfilelist",
			);
			name = "[CP] Embed Pods Frameworks";
			outputFileListPaths = (
				"${PODS_ROOT}/Target Support Files/Pods-Flix-FlixUITests/Pods-Flix-FlixUITests-frameworks-${CONFIGURATION}-output-files.xcfilelist",
			);
			runOnlyForDeploymentPostprocessing = 0;
			shellPath = /bin/sh;
			shellScript = "\"${PODS_ROOT}/Target Support Files/Pods-Flix-FlixUITests/Pods-Flix-FlixUITests-frameworks.sh\"\n";
			showEnvVarsInLog = 0;
		};
/* End PBXShellScriptBuildPhase section */

/* Begin PBXSourcesBuildPhase section */
		9EDA6E0D27C7855300B49B02 /* Sources */ = {
			isa = PBXSourcesBuildPhase;
			buildActionMask = 2147483647;
			files = (
				9E413C5127D1F2FD006BE803 /* MovieDetailsViewController.swift in Sources */,
				9EDA6E1927C7855300B49B02 /* ViewController.swift in Sources */,
				9EDA6E1527C7855300B49B02 /* AppDelegate.swift in Sources */,
				9EDA6E4527C7974A00B49B02 /* MovieCell.swift in Sources */,
				9EDA6E1727C7855300B49B02 /* SceneDelegate.swift in Sources */,
				9E413C5327D202CB006BE803 /* MovieGridViewController.swift in Sources */,
				9E413C5527D206F5006BE803 /* MovieGridCell.swift in Sources */,
			);
			runOnlyForDeploymentPostprocessing = 0;
		};
		9EDA6E2327C7855500B49B02 /* Sources */ = {
			isa = PBXSourcesBuildPhase;
			buildActionMask = 2147483647;
			files = (
				9EDA6E2C27C7855500B49B02 /* FlixTests.swift in Sources */,
			);
			runOnlyForDeploymentPostprocessing = 0;
		};
		9EDA6E2D27C7855500B49B02 /* Sources */ = {
			isa = PBXSourcesBuildPhase;
			buildActionMask = 2147483647;
			files = (
				9EDA6E3627C7855500B49B02 /* FlixUITests.swift in Sources */,
				9EDA6E3827C7855500B49B02 /* FlixUITestsLaunchTests.swift in Sources */,
			);
			runOnlyForDeploymentPostprocessing = 0;
		};
/* End PBXSourcesBuildPhase section */

/* Begin PBXTargetDependency section */
		9EDA6E2927C7855500B49B02 /* PBXTargetDependency */ = {
			isa = PBXTargetDependency;
			target = 9EDA6E1027C7855300B49B02 /* Flix */;
			targetProxy = 9EDA6E2827C7855500B49B02 /* PBXContainerItemProxy */;
		};
		9EDA6E3327C7855500B49B02 /* PBXTargetDependency */ = {
			isa = PBXTargetDependency;
			target = 9EDA6E1027C7855300B49B02 /* Flix */;
			targetProxy = 9EDA6E3227C7855500B49B02 /* PBXContainerItemProxy */;
		};
/* End PBXTargetDependency section */

/* Begin PBXVariantGroup section */
		9EDA6E1A27C7855300B49B02 /* Main.storyboard */ = {
			isa = PBXVariantGroup;
			children = (
				9EDA6E1B27C7855300B49B02 /* Base */,
			);
			name = Main.storyboard;
			sourceTree = "<group>";
		};
		9EDA6E1F27C7855400B49B02 /* LaunchScreen.storyboard */ = {
			isa = PBXVariantGroup;
			children = (
				9EDA6E2027C7855400B49B02 /* Base */,
			);
			name = LaunchScreen.storyboard;
			sourceTree = "<group>";
		};
/* End PBXVariantGroup section */

/* Begin XCBuildConfiguration section */
		9EDA6E3927C7855500B49B02 /* Debug */ = {
			isa = XCBuildConfiguration;
			buildSettings = {
				ALWAYS_SEARCH_USER_PATHS = NO;
				CLANG_ANALYZER_NONNULL = YES;
				CLANG_ANALYZER_NUMBER_OBJECT_CONVERSION = YES_AGGRESSIVE;
				CLANG_CXX_LANGUAGE_STANDARD = "gnu++17";
				CLANG_CXX_LIBRARY = "libc++";
				CLANG_ENABLE_MODULES = YES;
				CLANG_ENABLE_OBJC_ARC = YES;
				CLANG_ENABLE_OBJC_WEAK = YES;
				CLANG_WARN_BLOCK_CAPTURE_AUTORELEASING = YES;
				CLANG_WARN_BOOL_CONVERSION = YES;
				CLANG_WARN_COMMA = YES;
				CLANG_WARN_CONSTANT_CONVERSION = YES;
				CLANG_WARN_DEPRECATED_OBJC_IMPLEMENTATIONS = YES;
				CLANG_WARN_DIRECT_OBJC_ISA_USAGE = YES_ERROR;
				CLANG_WARN_DOCUMENTATION_COMMENTS = YES;
				CLANG_WARN_EMPTY_BODY = YES;
				CLANG_WARN_ENUM_CONVERSION = YES;
				CLANG_WARN_INFINITE_RECURSION = YES;
				CLANG_WARN_INT_CONVERSION = YES;
				CLANG_WARN_NON_LITERAL_NULL_CONVERSION = YES;
				CLANG_WARN_OBJC_IMPLICIT_RETAIN_SELF = YES;
				CLANG_WARN_OBJC_LITERAL_CONVERSION = YES;
				CLANG_WARN_OBJC_ROOT_CLASS = YES_ERROR;
				CLANG_WARN_QUOTED_INCLUDE_IN_FRAMEWORK_HEADER = YES;
				CLANG_WARN_RANGE_LOOP_ANALYSIS = YES;
				CLANG_WARN_STRICT_PROTOTYPES = YES;
				CLANG_WARN_SUSPICIOUS_MOVE = YES;
				CLANG_WARN_UNGUARDED_AVAILABILITY = YES_AGGRESSIVE;
				CLANG_WARN_UNREACHABLE_CODE = YES;
				CLANG_WARN__DUPLICATE_METHOD_MATCH = YES;
				COPY_PHASE_STRIP = NO;
				DEBUG_INFORMATION_FORMAT = dwarf;
				ENABLE_STRICT_OBJC_MSGSEND = YES;
				ENABLE_TESTABILITY = YES;
				GCC_C_LANGUAGE_STANDARD = gnu11;
				GCC_DYNAMIC_NO_PIC = NO;
				GCC_NO_COMMON_BLOCKS = YES;
				GCC_OPTIMIZATION_LEVEL = 0;
				GCC_PREPROCESSOR_DEFINITIONS = (
					"DEBUG=1",
					"$(inherited)",
				);
				GCC_WARN_64_TO_32_BIT_CONVERSION = YES;
				GCC_WARN_ABOUT_RETURN_TYPE = YES_ERROR;
				GCC_WARN_UNDECLARED_SELECTOR = YES;
				GCC_WARN_UNINITIALIZED_AUTOS = YES_AGGRESSIVE;
				GCC_WARN_UNUSED_FUNCTION = YES;
				GCC_WARN_UNUSED_VARIABLE = YES;
				IPHONEOS_DEPLOYMENT_TARGET = 15.0;
				MTL_ENABLE_DEBUG_INFO = INCLUDE_SOURCE;
				MTL_FAST_MATH = YES;
				ONLY_ACTIVE_ARCH = YES;
				SDKROOT = iphoneos;
				SWIFT_ACTIVE_COMPILATION_CONDITIONS = DEBUG;
				SWIFT_OPTIMIZATION_LEVEL = "-Onone";
			};
			name = Debug;
		};
		9EDA6E3A27C7855500B49B02 /* Release */ = {
			isa = XCBuildConfiguration;
			buildSettings = {
				ALWAYS_SEARCH_USER_PATHS = NO;
				CLANG_ANALYZER_NONNULL = YES;
				CLANG_ANALYZER_NUMBER_OBJECT_CONVERSION = YES_AGGRESSIVE;
				CLANG_CXX_LANGUAGE_STANDARD = "gnu++17";
				CLANG_CXX_LIBRARY = "libc++";
				CLANG_ENABLE_MODULES = YES;
				CLANG_ENABLE_OBJC_ARC = YES;
				CLANG_ENABLE_OBJC_WEAK = YES;
				CLANG_WARN_BLOCK_CAPTURE_AUTORELEASING = YES;
				CLANG_WARN_BOOL_CONVERSION = YES;
				CLANG_WARN_COMMA = YES;
				CLANG_WARN_CONSTANT_CONVERSION = YES;
				CLANG_WARN_DEPRECATED_OBJC_IMPLEMENTATIONS = YES;
				CLANG_WARN_DIRECT_OBJC_ISA_USAGE = YES_ERROR;
				CLANG_WARN_DOCUMENTATION_COMMENTS = YES;
				CLANG_WARN_EMPTY_BODY = YES;
				CLANG_WARN_ENUM_CONVERSION = YES;
				CLANG_WARN_INFINITE_RECURSION = YES;
				CLANG_WARN_INT_CONVERSION = YES;
				CLANG_WARN_NON_LITERAL_NULL_CONVERSION = YES;
				CLANG_WARN_OBJC_IMPLICIT_RETAIN_SELF = YES;
				CLANG_WARN_OBJC_LITERAL_CONVERSION = YES;
				CLANG_WARN_OBJC_ROOT_CLASS = YES_ERROR;
				CLANG_WARN_QUOTED_INCLUDE_IN_FRAMEWORK_HEADER = YES;
				CLANG_WARN_RANGE_LOOP_ANALYSIS = YES;
				CLANG_WARN_STRICT_PROTOTYPES = YES;
				CLANG_WARN_SUSPICIOUS_MOVE = YES;
				CLANG_WARN_UNGUARDED_AVAILABILITY = YES_AGGRESSIVE;
				CLANG_WARN_UNREACHABLE_CODE = YES;
				CLANG_WARN__DUPLICATE_METHOD_MATCH = YES;
				COPY_PHASE_STRIP = NO;
				DEBUG_INFORMATION_FORMAT = "dwarf-with-dsym";
				ENABLE_NS_ASSERTIONS = NO;
				ENABLE_STRICT_OBJC_MSGSEND = YES;
				GCC_C_LANGUAGE_STANDARD = gnu11;
				GCC_NO_COMMON_BLOCKS = YES;
				GCC_WARN_64_TO_32_BIT_CONVERSION = YES;
				GCC_WARN_ABOUT_RETURN_TYPE = YES_ERROR;
				GCC_WARN_UNDECLARED_SELECTOR = YES;
				GCC_WARN_UNINITIALIZED_AUTOS = YES_AGGRESSIVE;
				GCC_WARN_UNUSED_FUNCTION = YES;
				GCC_WARN_UNUSED_VARIABLE = YES;
				IPHONEOS_DEPLOYMENT_TARGET = 15.0;
				MTL_ENABLE_DEBUG_INFO = NO;
				MTL_FAST_MATH = YES;
				SDKROOT = iphoneos;
				SWIFT_COMPILATION_MODE = wholemodule;
				SWIFT_OPTIMIZATION_LEVEL = "-O";
				VALIDATE_PRODUCT = YES;
			};
			name = Release;
		};
		9EDA6E3C27C7855500B49B02 /* Debug */ = {
			isa = XCBuildConfiguration;
			baseConfigurationReference = 8B4240D7DC0ADE9C10007F1A /* Pods-Flix.debug.xcconfig */;
			buildSettings = {
				ASSETCATALOG_COMPILER_APPICON_NAME = AppIcon;
				ASSETCATALOG_COMPILER_GLOBAL_ACCENT_COLOR_NAME = AccentColor;
				CODE_SIGN_STYLE = Automatic;
				CURRENT_PROJECT_VERSION = 1;
				DEVELOPMENT_TEAM = 25RNPCU4JZ;
				GENERATE_INFOPLIST_FILE = YES;
				INFOPLIST_FILE = Flix/Info.plist;
				INFOPLIST_KEY_UIApplicationSupportsIndirectInputEvents = YES;
				INFOPLIST_KEY_UILaunchStoryboardName = LaunchScreen;
				INFOPLIST_KEY_UIMainStoryboardFile = Main;
				INFOPLIST_KEY_UISupportedInterfaceOrientations_iPad = "UIInterfaceOrientationPortrait UIInterfaceOrientationPortraitUpsideDown UIInterfaceOrientationLandscapeLeft UIInterfaceOrientationLandscapeRight";
				INFOPLIST_KEY_UISupportedInterfaceOrientations_iPhone = "UIInterfaceOrientationPortrait UIInterfaceOrientationLandscapeLeft UIInterfaceOrientationLandscapeRight";
				LD_RUNPATH_SEARCH_PATHS = (
					"$(inherited)",
					"@executable_path/Frameworks",
				);
				MARKETING_VERSION = 1.0;
				PRODUCT_BUNDLE_IDENTIFIER = com.matthewochoa.Flix;
				PRODUCT_NAME = "$(TARGET_NAME)";
				SWIFT_EMIT_LOC_STRINGS = YES;
				SWIFT_VERSION = 5.0;
				TARGETED_DEVICE_FAMILY = "1,2";
			};
			name = Debug;
		};
		9EDA6E3D27C7855500B49B02 /* Release */ = {
			isa = XCBuildConfiguration;
			baseConfigurationReference = 248972F2C78885641A0857B3 /* Pods-Flix.release.xcconfig */;
			buildSettings = {
				ASSETCATALOG_COMPILER_APPICON_NAME = AppIcon;
				ASSETCATALOG_COMPILER_GLOBAL_ACCENT_COLOR_NAME = AccentColor;
				CODE_SIGN_STYLE = Automatic;
				CURRENT_PROJECT_VERSION = 1;
				DEVELOPMENT_TEAM = 25RNPCU4JZ;
				GENERATE_INFOPLIST_FILE = YES;
				INFOPLIST_FILE = Flix/Info.plist;
				INFOPLIST_KEY_UIApplicationSupportsIndirectInputEvents = YES;
				INFOPLIST_KEY_UILaunchStoryboardName = LaunchScreen;
				INFOPLIST_KEY_UIMainStoryboardFile = Main;
				INFOPLIST_KEY_UISupportedInterfaceOrientations_iPad = "UIInterfaceOrientationPortrait UIInterfaceOrientationPortraitUpsideDown UIInterfaceOrientationLandscapeLeft UIInterfaceOrientationLandscapeRight";
				INFOPLIST_KEY_UISupportedInterfaceOrientations_iPhone = "UIInterfaceOrientationPortrait UIInterfaceOrientationLandscapeLeft UIInterfaceOrientationLandscapeRight";
				LD_RUNPATH_SEARCH_PATHS = (
					"$(inherited)",
					"@executable_path/Frameworks",
				);
				MARKETING_VERSION = 1.0;
				PRODUCT_BUNDLE_IDENTIFIER = com.matthewochoa.Flix;
				PRODUCT_NAME = "$(TARGET_NAME)";
				SWIFT_EMIT_LOC_STRINGS = YES;
				SWIFT_VERSION = 5.0;
				TARGETED_DEVICE_FAMILY = "1,2";
			};
			name = Release;
		};
		9EDA6E3F27C7855500B49B02 /* Debug */ = {
			isa = XCBuildConfiguration;
			baseConfigurationReference = B9E697F5949E41C4BBCACC92 /* Pods-FlixTests.debug.xcconfig */;
			buildSettings = {
				ALWAYS_EMBED_SWIFT_STANDARD_LIBRARIES = YES;
				BUNDLE_LOADER = "$(TEST_HOST)";
				CODE_SIGN_STYLE = Automatic;
				CURRENT_PROJECT_VERSION = 1;
				DEVELOPMENT_TEAM = 25RNPCU4JZ;
				GENERATE_INFOPLIST_FILE = YES;
				IPHONEOS_DEPLOYMENT_TARGET = 15.0;
				LD_RUNPATH_SEARCH_PATHS = (
					"$(inherited)",
					"@executable_path/Frameworks",
					"@loader_path/Frameworks",
				);
				MARKETING_VERSION = 1.0;
				PRODUCT_BUNDLE_IDENTIFIER = com.matthewochoa.FlixTests;
				PRODUCT_NAME = "$(TARGET_NAME)";
				SWIFT_EMIT_LOC_STRINGS = NO;
				SWIFT_VERSION = 5.0;
				TARGETED_DEVICE_FAMILY = "1,2";
				TEST_HOST = "$(BUILT_PRODUCTS_DIR)/Flix.app/Flix";
			};
			name = Debug;
		};
		9EDA6E4027C7855500B49B02 /* Release */ = {
			isa = XCBuildConfiguration;
			baseConfigurationReference = 3F5577A18F91E1880F47BB9C /* Pods-FlixTests.release.xcconfig */;
			buildSettings = {
				ALWAYS_EMBED_SWIFT_STANDARD_LIBRARIES = YES;
				BUNDLE_LOADER = "$(TEST_HOST)";
				CODE_SIGN_STYLE = Automatic;
				CURRENT_PROJECT_VERSION = 1;
				DEVELOPMENT_TEAM = 25RNPCU4JZ;
				GENERATE_INFOPLIST_FILE = YES;
				IPHONEOS_DEPLOYMENT_TARGET = 15.0;
				LD_RUNPATH_SEARCH_PATHS = (
					"$(inherited)",
					"@executable_path/Frameworks",
					"@loader_path/Frameworks",
				);
				MARKETING_VERSION = 1.0;
				PRODUCT_BUNDLE_IDENTIFIER = com.matthewochoa.FlixTests;
				PRODUCT_NAME = "$(TARGET_NAME)";
				SWIFT_EMIT_LOC_STRINGS = NO;
				SWIFT_VERSION = 5.0;
				TARGETED_DEVICE_FAMILY = "1,2";
				TEST_HOST = "$(BUILT_PRODUCTS_DIR)/Flix.app/Flix";
			};
			name = Release;
		};
		9EDA6E4227C7855500B49B02 /* Debug */ = {
			isa = XCBuildConfiguration;
			baseConfigurationReference = 43BAEFB4F14E6D429B934F60 /* Pods-Flix-FlixUITests.debug.xcconfig */;
			buildSettings = {
				ALWAYS_EMBED_SWIFT_STANDARD_LIBRARIES = YES;
				CODE_SIGN_STYLE = Automatic;
				CURRENT_PROJECT_VERSION = 1;
				DEVELOPMENT_TEAM = 25RNPCU4JZ;
				GENERATE_INFOPLIST_FILE = YES;
				LD_RUNPATH_SEARCH_PATHS = (
					"$(inherited)",
					"@executable_path/Frameworks",
					"@loader_path/Frameworks",
				);
				MARKETING_VERSION = 1.0;
				PRODUCT_BUNDLE_IDENTIFIER = com.matthewochoa.FlixUITests;
				PRODUCT_NAME = "$(TARGET_NAME)";
				SWIFT_EMIT_LOC_STRINGS = NO;
				SWIFT_VERSION = 5.0;
				TARGETED_DEVICE_FAMILY = "1,2";
				TEST_TARGET_NAME = Flix;
			};
			name = Debug;
		};
		9EDA6E4327C7855500B49B02 /* Release */ = {
			isa = XCBuildConfiguration;
			baseConfigurationReference = 1C2CDDF8C28CBEAD9C511997 /* Pods-Flix-FlixUITests.release.xcconfig */;
			buildSettings = {
				ALWAYS_EMBED_SWIFT_STANDARD_LIBRARIES = YES;
				CODE_SIGN_STYLE = Automatic;
				CURRENT_PROJECT_VERSION = 1;
				DEVELOPMENT_TEAM = 25RNPCU4JZ;
				GENERATE_INFOPLIST_FILE = YES;
				LD_RUNPATH_SEARCH_PATHS = (
					"$(inherited)",
					"@executable_path/Frameworks",
					"@loader_path/Frameworks",
				);
				MARKETING_VERSION = 1.0;
				PRODUCT_BUNDLE_IDENTIFIER = com.matthewochoa.FlixUITests;
				PRODUCT_NAME = "$(TARGET_NAME)";
				SWIFT_EMIT_LOC_STRINGS = NO;
				SWIFT_VERSION = 5.0;
				TARGETED_DEVICE_FAMILY = "1,2";
				TEST_TARGET_NAME = Flix;
			};
			name = Release;
		};
/* End XCBuildConfiguration section */

/* Begin XCConfigurationList section */
		9EDA6E0C27C7855300B49B02 /* Build configuration list for PBXProject "Flix" */ = {
			isa = XCConfigurationList;
			buildConfigurations = (
				9EDA6E3927C7855500B49B02 /* Debug */,
				9EDA6E3A27C7855500B49B02 /* Release */,
			);
			defaultConfigurationIsVisible = 0;
			defaultConfigurationName = Release;
		};
		9EDA6E3B27C7855500B49B02 /* Build configuration list for PBXNativeTarget "Flix" */ = {
			isa = XCConfigurationList;
			buildConfigurations = (
				9EDA6E3C27C7855500B49B02 /* Debug */,
				9EDA6E3D27C7855500B49B02 /* Release */,
			);
			defaultConfigurationIsVisible = 0;
			defaultConfigurationName = Release;
		};
		9EDA6E3E27C7855500B49B02 /* Build configuration list for PBXNativeTarget "FlixTests" */ = {
			isa = XCConfigurationList;
			buildConfigurations = (
				9EDA6E3F27C7855500B49B02 /* Debug */,
				9EDA6E4027C7855500B49B02 /* Release */,
			);
			defaultConfigurationIsVisible = 0;
			defaultConfigurationName = Release;
		};
		9EDA6E4127C7855500B49B02 /* Build configuration list for PBXNativeTarget "FlixUITests" */ = {
			isa = XCConfigurationList;
			buildConfigurations = (
				9EDA6E4227C7855500B49B02 /* Debug */,
				9EDA6E4327C7855500B49B02 /* Release */,
			);
			defaultConfigurationIsVisible = 0;
			defaultConfigurationName = Release;
		};
/* End XCConfigurationList section */
	};
	rootObject = 9EDA6E0927C7855300B49B02 /* Project object */;
}
